// !$*UTF8*$!
{
	archiveVersion = 1;
	classes = {
	};
	objectVersion = 50;
	objects = {

/* Begin PBXBuildFile section */
		F69C51582581222300C7FB55 /* Book.swift in Sources */ = {isa = PBXBuildFile; fileRef = F69C51572581222300C7FB55 /* Book.swift */; };
		F69C515D25814DA200C7FB55 /* BookViews.swift in Sources */ = {isa = PBXBuildFile; fileRef = F69C515C25814DA200C7FB55 /* BookViews.swift */; };
		F6D38DE3257EB43600BBD30A /* Bookie_SwiftUIApp.swift in Sources */ = {isa = PBXBuildFile; fileRef = F6D38DE2257EB43600BBD30A /* Bookie_SwiftUIApp.swift */; };
		F6D38DE5257EB43600BBD30A /* ContentView.swift in Sources */ = {isa = PBXBuildFile; fileRef = F6D38DE4257EB43600BBD30A /* ContentView.swift */; };
		F6D38DE7257EB43800BBD30A /* Assets.xcassets in Resources */ = {isa = PBXBuildFile; fileRef = F6D38DE6257EB43800BBD30A /* Assets.xcassets */; };
		F6D38DEA257EB43800BBD30A /* Preview Assets.xcassets in Resources */ = {isa = PBXBuildFile; fileRef = F6D38DE9257EB43800BBD30A /* Preview Assets.xcassets */; };
/* End PBXBuildFile section */

/* Begin PBXFileReference section */
		F69C51572581222300C7FB55 /* Book.swift */ = {isa = PBXFileReference; lastKnownFileType = sourcecode.swift; path = Book.swift; sourceTree = "<group>"; };
		F69C515C25814DA200C7FB55 /* BookViews.swift */ = {isa = PBXFileReference; lastKnownFileType = sourcecode.swift; path = BookViews.swift; sourceTree = "<group>"; };
		F6D38DDF257EB43600BBD30A /* Bookie-SwiftUI.app */ = {isa = PBXFileReference; explicitFileType = wrapper.application; includeInIndex = 0; path = "Bookie-SwiftUI.app"; sourceTree = BUILT_PRODUCTS_DIR; };
		F6D38DE2257EB43600BBD30A /* Bookie_SwiftUIApp.swift */ = {isa = PBXFileReference; lastKnownFileType = sourcecode.swift; path = Bookie_SwiftUIApp.swift; sourceTree = "<group>"; };
		F6D38DE4257EB43600BBD30A /* ContentView.swift */ = {isa = PBXFileReference; lastKnownFileType = sourcecode.swift; path = ContentView.swift; sourceTree = "<group>"; };
		F6D38DE6257EB43800BBD30A /* Assets.xcassets */ = {isa = PBXFileReference; lastKnownFileType = folder.assetcatalog; path = Assets.xcassets; sourceTree = "<group>"; };
		F6D38DE9257EB43800BBD30A /* Preview Assets.xcassets */ = {isa = PBXFileReference; lastKnownFileType = folder.assetcatalog; path = "Preview Assets.xcassets"; sourceTree = "<group>"; };
		F6D38DEB257EB43800BBD30A /* Info.plist */ = {isa = PBXFileReference; lastKnownFileType = text.plist.xml; path = Info.plist; sourceTree = "<group>"; };
/* End PBXFileReference section */

/* Begin PBXFrameworksBuildPhase section */
		F6D38DDC257EB43600BBD30A /* Frameworks */ = {
			isa = PBXFrameworksBuildPhase;
			buildActionMask = 2147483647;
			files = (
			);
			runOnlyForDeploymentPostprocessing = 0;
		};
/* End PBXFrameworksBuildPhase section */

/* Begin PBXGroup section */
		F69C515A25814D2C00C7FB55 /* Views */ = {
			isa = PBXGroup;
			children = (
				F6D38DE4257EB43600BBD30A /* ContentView.swift */,
				F69C515C25814DA200C7FB55 /* BookViews.swift */,
			);
			path = Views;
			sourceTree = "<group>";
		};
		F6D38DD6257EB43600BBD30A = {
			isa = PBXGroup;
			children = (
				F6D38DE1257EB43600BBD30A /* Bookie-SwiftUI */,
				F6D38DE0257EB43600BBD30A /* Products */,
			);
			sourceTree = "<group>";
		};
		F6D38DE0257EB43600BBD30A /* Products */ = {
			isa = PBXGroup;
			children = (
				F6D38DDF257EB43600BBD30A /* Bookie-SwiftUI.app */,
			);
			name = Products;
			sourceTree = "<group>";
		};
		F6D38DE1257EB43600BBD30A /* Bookie-SwiftUI */ = {
			isa = PBXGroup;
			children = (
				F6D38DE2257EB43600BBD30A /* Bookie_SwiftUIApp.swift */,
				F69C515A25814D2C00C7FB55 /* Views */,
				F6D38DE6257EB43800BBD30A /* Assets.xcassets */,
				F6D38DEB257EB43800BBD30A /* Info.plist */,
				F6D38DE8257EB43800BBD30A /* Preview Content */,
				F69C51572581222300C7FB55 /* Book.swift */,
			);
			path = "Bookie-SwiftUI";
			sourceTree = "<group>";
		};
		F6D38DE8257EB43800BBD30A /* Preview Content */ = {
			isa = PBXGroup;
			children = (
				F6D38DE9257EB43800BBD30A /* Preview Assets.xcassets */,
			);
			path = "Preview Content";
			sourceTree = "<group>";
		};
/* End PBXGroup section */

/* Begin PBXNativeTarget section */
		F6D38DDE257EB43600BBD30A /* Bookie-SwiftUI */ = {
			isa = PBXNativeTarget;
			buildConfigurationList = F6D38DEE257EB43800BBD30A /* Build configuration list for PBXNativeTarget "Bookie-SwiftUI" */;
			buildPhases = (
				F6D38DDB257EB43600BBD30A /* Sources */,
				F6D38DDC257EB43600BBD30A /* Frameworks */,
				F6D38DDD257EB43600BBD30A /* Resources */,
			);
			buildRules = (
			);
			dependencies = (
			);
			name = "Bookie-SwiftUI";
			productName = "Bookie-SwiftUI";
			productReference = F6D38DDF257EB43600BBD30A /* Bookie-SwiftUI.app */;
			productType = "com.apple.product-type.application";
		};
/* End PBXNativeTarget section */

/* Begin PBXProject section */
		F6D38DD7257EB43600BBD30A /* Project object */ = {
			isa = PBXProject;
			attributes = {
				LastSwiftUpdateCheck = 1220;
				LastUpgradeCheck = 1220;
				TargetAttributes = {
					F6D38DDE257EB43600BBD30A = {
						CreatedOnToolsVersion = 12.2;
					};
				};
			};
			buildConfigurationList = F6D38DDA257EB43600BBD30A /* Build configuration list for PBXProject "Bookie-SwiftUI" */;
			compatibilityVersion = "Xcode 9.3";
			developmentRegion = en;
			hasScannedForEncodings = 0;
			knownRegions = (
				en,
				Base,
			);
			mainGroup = F6D38DD6257EB43600BBD30A;
			productRefGroup = F6D38DE0257EB43600BBD30A /* Products */;
			projectDirPath = "";
			projectRoot = "";
			targets = (
				F6D38DDE257EB43600BBD30A /* Bookie-SwiftUI */,
			);
		};
/* End PBXProject section */

/* Begin PBXResourcesBuildPhase section */
		F6D38DDD257EB43600BBD30A /* Resources */ = {
			isa = PBXResourcesBuildPhase;
			buildActionMask = 2147483647;
			files = (
				F6D38DEA257EB43800BBD30A /* Preview Assets.xcassets in Resources */,
				F6D38DE7257EB43800BBD30A /* Assets.xcassets in Resources */,
			);
			runOnlyForDeploymentPostprocessing = 0;
		};
/* End PBXResourcesBuildPhase section */

/* Begin PBXSourcesBuildPhase section */
		F6D38DDB257EB43600BBD30A /* Sources */ = {
			isa = PBXSourcesBuildPhase;
			buildActionMask = 2147483647;
			files = (
				F6D38DE5257EB43600BBD30A /* ContentView.swift in Sources */,
				F6D38DE3257EB43600BBD30A /* Bookie_SwiftUIApp.swift in Sources */,
				F69C51582581222300C7FB55 /* Book.swift in Sources */,
				F69C515D25814DA200C7FB55 /* BookViews.swift in Sources */,
			);
			runOnlyForDeploymentPostprocessing = 0;
		};
/* End PBXSourcesBuildPhase section */

/* Begin XCBuildConfiguration section */
		F6D38DEC257EB43800BBD30A /* Debug */ = {
			isa = XCBuildConfiguration;
			buildSettings = {
				ALWAYS_SEARCH_USER_PATHS = NO;
				CLANG_ANALYZER_NONNULL = YES;
				CLANG_ANALYZER_NUMBER_OBJECT_CONVERSION = YES_AGGRESSIVE;
				CLANG_CXX_LANGUAGE_STANDARD = "gnu++14";
				CLANG_CXX_LIBRARY = "libc++";
				CLANG_ENABLE_MODULES = YES;
				CLANG_ENABLE_OBJC_ARC = YES;
				CLANG_ENABLE_OBJC_WEAK = YES;
				CLANG_WARN_BLOCK_CAPTURE_AUTORELEASING = YES;
				CLANG_WARN_BOOL_CONVERSION = YES;
				CLANG_WARN_COMMA = YES;
				CLANG_WARN_CONSTANT_CONVERSION = YES;
				CLANG_WARN_DEPRECATED_OBJC_IMPLEMENTATIONS = YES;
				CLANG_WARN_DIRECT_OBJC_ISA_USAGE = YES_ERROR;
				CLANG_WARN_DOCUMENTATION_COMMENTS = YES;
				CLANG_WARN_EMPTY_BODY = YES;
				CLANG_WARN_ENUM_CONVERSION = YES;
				CLANG_WARN_INFINITE_RECURSION = YES;
				CLANG_WARN_INT_CONVERSION = YES;
				CLANG_WARN_NON_LITERAL_NULL_CONVERSION = YES;
				CLANG_WARN_OBJC_IMPLICIT_RETAIN_SELF = YES;
				CLANG_WARN_OBJC_LITERAL_CONVERSION = YES;
				CLANG_WARN_OBJC_ROOT_CLASS = YES_ERROR;
				CLANG_WARN_QUOTED_INCLUDE_IN_FRAMEWORK_HEADER = YES;
				CLANG_WARN_RANGE_LOOP_ANALYSIS = YES;
				CLANG_WARN_STRICT_PROTOTYPES = YES;
				CLANG_WARN_SUSPICIOUS_MOVE = YES;
				CLANG_WARN_UNGUARDED_AVAILABILITY = YES_AGGRESSIVE;
				CLANG_WARN_UNREACHABLE_CODE = YES;
				CLANG_WARN__DUPLICATE_METHOD_MATCH = YES;
				COPY_PHASE_STRIP = NO;
				DEBUG_INFORMATION_FORMAT = dwarf;
				ENABLE_STRICT_OBJC_MSGSEND = YES;
				ENABLE_TESTABILITY = YES;
				GCC_C_LANGUAGE_STANDARD = gnu11;
				GCC_DYNAMIC_NO_PIC = NO;
				GCC_NO_COMMON_BLOCKS = YES;
				GCC_OPTIMIZATION_LEVEL = 0;
				GCC_PREPROCESSOR_DEFINITIONS = (
					"DEBUG=1",
					"$(inherited)",
				);
				GCC_WARN_64_TO_32_BIT_CONVERSION = YES;
				GCC_WARN_ABOUT_RETURN_TYPE = YES_ERROR;
				GCC_WARN_UNDECLARED_SELECTOR = YES;
				GCC_WARN_UNINITIALIZED_AUTOS = YES_AGGRESSIVE;
				GCC_WARN_UNUSED_FUNCTION = YES;
				GCC_WARN_UNUSED_VARIABLE = YES;
				IPHONEOS_DEPLOYMENT_TARGET = 14.2;
				MTL_ENABLE_DEBUG_INFO = INCLUDE_SOURCE;
				MTL_FAST_MATH = YES;
				ONLY_ACTIVE_ARCH = YES;
				SDKROOT = iphoneos;
				SWIFT_ACTIVE_COMPILATION_CONDITIONS = DEBUG;
				SWIFT_OPTIMIZATION_LEVEL = "-Onone";
			};
			name = Debug;
		};
		F6D38DED257EB43800BBD30A /* Release */ = {
			isa = XCBuildConfiguration;
			buildSettings = {
				ALWAYS_SEARCH_USER_PATHS = NO;
				CLANG_ANALYZER_NONNULL = YES;
				CLANG_ANALYZER_NUMBER_OBJECT_CONVERSION = YES_AGGRESSIVE;
				CLANG_CXX_LANGUAGE_STANDARD = "gnu++14";
				CLANG_CXX_LIBRARY = "libc++";
				CLANG_ENABLE_MODULES = YES;
				CLANG_ENABLE_OBJC_ARC = YES;
				CLANG_ENABLE_OBJC_WEAK = YES;
				CLANG_WARN_BLOCK_CAPTURE_AUTORELEASING = YES;
				CLANG_WARN_BOOL_CONVERSION = YES;
				CLANG_WARN_COMMA = YES;
				CLANG_WARN_CONSTANT_CONVERSION = YES;
				CLANG_WARN_DEPRECATED_OBJC_IMPLEMENTATIONS = YES;
				CLANG_WARN_DIRECT_OBJC_ISA_USAGE = YES_ERROR;
				CLANG_WARN_DOCUMENTATION_COMMENTS = YES;
				CLANG_WARN_EMPTY_BODY = YES;
				CLANG_WARN_ENUM_CONVERSION = YES;
				CLANG_WARN_INFINITE_RECURSION = YES;
				CLANG_WARN_INT_CONVERSION = YES;
				CLANG_WARN_NON_LITERAL_NULL_CONVERSION = YES;
				CLANG_WARN_OBJC_IMPLICIT_RETAIN_SELF = YES;
				CLANG_WARN_OBJC_LITERAL_CONVERSION = YES;
				CLANG_WARN_OBJC_ROOT_CLASS = YES_ERROR;
				CLANG_WARN_QUOTED_INCLUDE_IN_FRAMEWORK_HEADER = YES;
				CLANG_WARN_RANGE_LOOP_ANALYSIS = YES;
				CLANG_WARN_STRICT_PROTOTYPES = YES;
				CLANG_WARN_SUSPICIOUS_MOVE = YES;
				CLANG_WARN_UNGUARDED_AVAILABILITY = YES_AGGRESSIVE;
				CLANG_WARN_UNREACHABLE_CODE = YES;
				CLANG_WARN__DUPLICATE_METHOD_MATCH = YES;
				COPY_PHASE_STRIP = NO;
				DEBUG_INFORMATION_FORMAT = "dwarf-with-dsym";
				ENABLE_NS_ASSERTIONS = NO;
				ENABLE_STRICT_OBJC_MSGSEND = YES;
				GCC_C_LANGUAGE_STANDARD = gnu11;
				GCC_NO_COMMON_BLOCKS = YES;
				GCC_WARN_64_TO_32_BIT_CONVERSION = YES;
				GCC_WARN_ABOUT_RETURN_TYPE = YES_ERROR;
				GCC_WARN_UNDECLARED_SELECTOR = YES;
				GCC_WARN_UNINITIALIZED_AUTOS = YES_AGGRESSIVE;
				GCC_WARN_UNUSED_FUNCTION = YES;
				GCC_WARN_UNUSED_VARIABLE = YES;
				IPHONEOS_DEPLOYMENT_TARGET = 14.2;
				MTL_ENABLE_DEBUG_INFO = NO;
				MTL_FAST_MATH = YES;
				SDKROOT = iphoneos;
				SWIFT_COMPILATION_MODE = wholemodule;
				SWIFT_OPTIMIZATION_LEVEL = "-O";
				VALIDATE_PRODUCT = YES;
			};
			name = Release;
		};
		F6D38DEF257EB43800BBD30A /* Debug */ = {
			isa = XCBuildConfiguration;
			buildSettings = {
				ASSETCATALOG_COMPILER_APPICON_NAME = AppIcon;
				ASSETCATALOG_COMPILER_GLOBAL_ACCENT_COLOR_NAME = AccentColor;
				CODE_SIGN_STYLE = Automatic;
				DEVELOPMENT_ASSET_PATHS = "\"Bookie-SwiftUI/Preview Content\"";
				DEVELOPMENT_TEAM = 73DJK9R2PB;
				ENABLE_PREVIEWS = YES;
				INFOPLIST_FILE = "Bookie-SwiftUI/Info.plist";
				IPHONEOS_DEPLOYMENT_TARGET = 14.0;
				LD_RUNPATH_SEARCH_PATHS = (
					"$(inherited)",
					"@executable_path/Frameworks",
				);
				PRODUCT_BUNDLE_IDENTIFIER = "safarslife.Bookie-SwiftUI";
				PRODUCT_NAME = "$(TARGET_NAME)";
				SWIFT_VERSION = 5.0;
				TARGETED_DEVICE_FAMILY = "1,2";
			};
			name = Debug;
		};
		F6D38DF0257EB43800BBD30A /* Release */ = {
			isa = XCBuildConfiguration;
			buildSettings = {
				ASSETCATALOG_COMPILER_APPICON_NAME = AppIcon;
				ASSETCATALOG_COMPILER_GLOBAL_ACCENT_COLOR_NAME = AccentColor;
				CODE_SIGN_STYLE = Automatic;
				DEVELOPMENT_ASSET_PATHS = "\"Bookie-SwiftUI/Preview Content\"";
				DEVELOPMENT_TEAM = 73DJK9R2PB;
				ENABLE_PREVIEWS = YES;
				INFOPLIST_FILE = "Bookie-SwiftUI/Info.plist";
				IPHONEOS_DEPLOYMENT_TARGET = 14.0;
				LD_RUNPATH_SEARCH_PATHS = (
					"$(inherited)",
					"@executable_path/Frameworks",
				);
				PRODUCT_BUNDLE_IDENTIFIER = "safarslife.Bookie-SwiftUI";
				PRODUCT_NAME = "$(TARGET_NAME)";
				SWIFT_VERSION = 5.0;
				TARGETED_DEVICE_FAMILY = "1,2";
			};
			name = Release;
		};
/* End XCBuildConfiguration section */

/* Begin XCConfigurationList section */
		F6D38DDA257EB43600BBD30A /* Build configuration list for PBXProject "Bookie-SwiftUI" */ = {
			isa = XCConfigurationList;
			buildConfigurations = (
				F6D38DEC257EB43800BBD30A /* Debug */,
				F6D38DED257EB43800BBD30A /* Release */,
			);
			defaultConfigurationIsVisible = 0;
			defaultConfigurationName = Release;
		};
		F6D38DEE257EB43800BBD30A /* Build configuration list for PBXNativeTarget "Bookie-SwiftUI" */ = {
			isa = XCConfigurationList;
			buildConfigurations = (
				F6D38DEF257EB43800BBD30A /* Debug */,
				F6D38DF0257EB43800BBD30A /* Release */,
			);
			defaultConfigurationIsVisible = 0;
			defaultConfigurationName = Release;
		};
/* End XCConfigurationList section */
	};
	rootObject = F6D38DD7257EB43600BBD30A /* Project object */;
}
